
Microsoft Visual Studio Solution File, Format Version 12.00
# Visual Studio Version 16
VisualStudioVersion = 16.0.33328.57
MinimumVisualStudioVersion = 10.0.40219.1
Project("{FAE04EC0-301F-11D3-BF4B-00C04F79EFBC}") = "PD_ScriptTemplateProject", "PD_ScriptTemplateProject.csproj", "{5CB1648F-C40F-43D6-BB19-1D4AB5E28595}"
EndProject
Project("{FAE04EC0-301F-11D3-BF4B-00C04F79EFBC}") = "PD_PluginTester", "PD_PluginTester\PD_PluginTester.csproj", "{93B605A3-784E-4497-B995-92759927E668}"
EndProject
Global
	GlobalSection(SolutionConfigurationPlatforms) = preSolution
		Debug|Any CPU = Debug|Any CPU
		Debug|x64 = Debug|x64
		Release|Any CPU = Release|Any CPU
		Release|x64 = Release|x64
	EndGlobalSection
	GlobalSection(ProjectConfigurationPlatforms) = postSolution
		{5CB1648F-C40F-43D6-BB19-1D4AB5E28595}.Debug|Any CPU.ActiveCfg = Debug|x64
		{5CB1648F-C40F-43D6-BB19-1D4AB5E28595}.Debug|Any CPU.Build.0 = Debug|x64
		{5CB1648F-C40F-43D6-BB19-1D4AB5E28595}.Debug|x64.ActiveCfg = Debug|x64
		{5CB1648F-C40F-43D6-BB19-1D4AB5E28595}.Debug|x64.Build.0 = Debug|x64
		{5CB1648F-C40F-43D6-BB19-1D4AB5E28595}.Release|Any CPU.ActiveCfg = Release|x64
		{5CB1648F-C40F-43D6-BB19-1D4AB5E28595}.Release|x64.ActiveCfg = Release|x64
		{5CB1648F-C40F-43D6-BB19-1D4AB5E28595}.Release|x64.Build.0 = Release|x64
		{93B605A3-784E-4497-B995-92759927E668}.Debug|Any CPU.ActiveCfg = Debug|Any CPU
		{93B605A3-784E-4497-B995-92759927E668}.Debug|Any CPU.Build.0 = Debug|Any CPU
		{93B605A3-784E-4497-B995-92759927E668}.Debug|x64.ActiveCfg = Debug|Any CPU
		{93B605A3-784E-4497-B995-92759927E668}.Debug|x64.Build.0 = Debug|Any CPU
		{93B605A3-784E-4497-B995-92759927E668}.Release|Any CPU.ActiveCfg = Release|Any CPU
		{93B605A3-784E-4497-B995-92759927E668}.Release|Any CPU.Build.0 = Release|Any CPU
		{93B605A3-784E-4497-B995-92759927E668}.Release|x64.ActiveCfg = Release|Any CPU
		{93B605A3-784E-4497-B995-92759927E668}.Release|x64.Build.0 = Release|Any CPU
	EndGlobalSection
	GlobalSection(SolutionProperties) = preSolution
		HideSolutionNode = FALSE
	EndGlobalSection
	GlobalSection(ExtensibilityGlobals) = postSolution
		SolutionGuid = {0A98E8A7-F102-40E5-89A4-0AF421DAC7DF}
	EndGlobalSection
EndGlobal
